
Microsoft Visual Studio Solution File, Format Version 12.00
Project("{FAE04EC0-301F-11D3-BF4B-00C04F79EFBC}") = "IdentityRrameworkStart", "IdentityRrameworkStart\IdentityRrameworkStart.csproj", "{F3424CAD-A504-4C02-9716-252771A7862C}"
EndProject
Global
	GlobalSection(SolutionConfigurationPlatforms) = preSolution
		Debug|Any CPU = Debug|Any CPU
		Release|Any CPU = Release|Any CPU
	EndGlobalSection
	GlobalSection(ProjectConfigurationPlatforms) = postSolution
		{F3424CAD-A504-4C02-9716-252771A7862C}.Debug|Any CPU.ActiveCfg = Debug|Any CPU
		{F3424CAD-A504-4C02-9716-252771A7862C}.Debug|Any CPU.Build.0 = Debug|Any CPU
		{F3424CAD-A504-4C02-9716-252771A7862C}.Release|Any CPU.ActiveCfg = Release|Any CPU
		{F3424CAD-A504-4C02-9716-252771A7862C}.Release|Any CPU.Build.0 = Release|Any CPU
	EndGlobalSection
EndGlobal
