
Microsoft Visual Studio Solution File, Format Version 12.00
# Visual Studio Version 17
VisualStudioVersion = 17.0.31912.275
MinimumVisualStudioVersion = 10.0.40219.1
Project("{9A19103F-16F7-4668-BE54-9A1E7A4F7556}") = "Lesson14", "Lesson14.csproj", "{7AFCC64E-FC04-49F1-9D99-2E20243D3227}"
EndProject
Global
	GlobalSection(SolutionConfigurationPlatforms) = preSolution
		Debug|Any CPU = Debug|Any CPU
		Release|Any CPU = Release|Any CPU
	EndGlobalSection
	GlobalSection(ProjectConfigurationPlatforms) = postSolution
		{7AFCC64E-FC04-49F1-9D99-2E20243D3227}.Debug|Any CPU.ActiveCfg = Debug|Any CPU
		{7AFCC64E-FC04-49F1-9D99-2E20243D3227}.Debug|Any CPU.Build.0 = Debug|Any CPU
		{7AFCC64E-FC04-49F1-9D99-2E20243D3227}.Release|Any CPU.ActiveCfg = Release|Any CPU
		{7AFCC64E-FC04-49F1-9D99-2E20243D3227}.Release|Any CPU.Build.0 = Release|Any CPU
	EndGlobalSection
	GlobalSection(SolutionProperties) = preSolution
		HideSolutionNode = FALSE
	EndGlobalSection
	GlobalSection(ExtensibilityGlobals) = postSolution
		SolutionGuid = {B8B35C7C-3335-4CFD-899F-2496F481BAE7}
	EndGlobalSection
EndGlobal
