
Microsoft Visual Studio Solution File, Format Version 12.00
# Visual Studio Version 17
VisualStudioVersion = 17.0.32014.148
MinimumVisualStudioVersion = 10.0.40219.1
Project("{9A19103F-16F7-4668-BE54-9A1E7A4F7556}") = "Lesson27", "Lesson27.csproj", "{B52EBB5A-22BB-445F-9A41-ED0DF022BDE1}"
EndProject
Global
	GlobalSection(SolutionConfigurationPlatforms) = preSolution
		Debug|Any CPU = Debug|Any CPU
		Release|Any CPU = Release|Any CPU
	EndGlobalSection
	GlobalSection(ProjectConfigurationPlatforms) = postSolution
		{B52EBB5A-22BB-445F-9A41-ED0DF022BDE1}.Debug|Any CPU.ActiveCfg = Debug|Any CPU
		{B52EBB5A-22BB-445F-9A41-ED0DF022BDE1}.Debug|Any CPU.Build.0 = Debug|Any CPU
		{B52EBB5A-22BB-445F-9A41-ED0DF022BDE1}.Release|Any CPU.ActiveCfg = Release|Any CPU
		{B52EBB5A-22BB-445F-9A41-ED0DF022BDE1}.Release|Any CPU.Build.0 = Release|Any CPU
	EndGlobalSection
	GlobalSection(SolutionProperties) = preSolution
		HideSolutionNode = FALSE
	EndGlobalSection
	GlobalSection(ExtensibilityGlobals) = postSolution
		SolutionGuid = {4952B57C-7D1F-4454-8285-74D000E7E15F}
	EndGlobalSection
EndGlobal
