
Microsoft Visual Studio Solution File, Format Version 12.00
# Visual Studio Version 17
VisualStudioVersion = 17.0.31912.275
MinimumVisualStudioVersion = 10.0.40219.1
Project("{9A19103F-16F7-4668-BE54-9A1E7A4F7556}") = "Lesson18", "Lesson18.csproj", "{4CA4F2C0-7E87-411D-9C09-0AE99140E672}"
EndProject
Global
	GlobalSection(SolutionConfigurationPlatforms) = preSolution
		Debug|Any CPU = Debug|Any CPU
		Release|Any CPU = Release|Any CPU
	EndGlobalSection
	GlobalSection(ProjectConfigurationPlatforms) = postSolution
		{4CA4F2C0-7E87-411D-9C09-0AE99140E672}.Debug|Any CPU.ActiveCfg = Debug|Any CPU
		{4CA4F2C0-7E87-411D-9C09-0AE99140E672}.Debug|Any CPU.Build.0 = Debug|Any CPU
		{4CA4F2C0-7E87-411D-9C09-0AE99140E672}.Release|Any CPU.ActiveCfg = Release|Any CPU
		{4CA4F2C0-7E87-411D-9C09-0AE99140E672}.Release|Any CPU.Build.0 = Release|Any CPU
	EndGlobalSection
	GlobalSection(SolutionProperties) = preSolution
		HideSolutionNode = FALSE
	EndGlobalSection
	GlobalSection(ExtensibilityGlobals) = postSolution
		SolutionGuid = {35531D28-17D8-43C6-974F-2F6F4ED03457}
	EndGlobalSection
EndGlobal
