
Microsoft Visual Studio Solution File, Format Version 12.00
# Visual Studio Version 17
VisualStudioVersion = 17.0.31912.275
MinimumVisualStudioVersion = 10.0.40219.1
Project("{9A19103F-16F7-4668-BE54-9A1E7A4F7556}") = "Lesson17", "Lesson17.csproj", "{6F786ABF-0481-4203-8A2E-5A84F7DAB23D}"
EndProject
Global
	GlobalSection(SolutionConfigurationPlatforms) = preSolution
		Debug|Any CPU = Debug|Any CPU
		Release|Any CPU = Release|Any CPU
	EndGlobalSection
	GlobalSection(ProjectConfigurationPlatforms) = postSolution
		{6F786ABF-0481-4203-8A2E-5A84F7DAB23D}.Debug|Any CPU.ActiveCfg = Debug|Any CPU
		{6F786ABF-0481-4203-8A2E-5A84F7DAB23D}.Debug|Any CPU.Build.0 = Debug|Any CPU
		{6F786ABF-0481-4203-8A2E-5A84F7DAB23D}.Release|Any CPU.ActiveCfg = Release|Any CPU
		{6F786ABF-0481-4203-8A2E-5A84F7DAB23D}.Release|Any CPU.Build.0 = Release|Any CPU
	EndGlobalSection
	GlobalSection(SolutionProperties) = preSolution
		HideSolutionNode = FALSE
	EndGlobalSection
	GlobalSection(ExtensibilityGlobals) = postSolution
		SolutionGuid = {42FD39B7-6C50-44A4-852E-02AB8C05732C}
	EndGlobalSection
EndGlobal
