
Microsoft Visual Studio Solution File, Format Version 12.00
# Visual Studio Version 17
VisualStudioVersion = 17.0.32014.148
MinimumVisualStudioVersion = 10.0.40219.1
Project("{9A19103F-16F7-4668-BE54-9A1E7A4F7556}") = "Lesson37-WebApi", "Lesson38-WebApi\Lesson33-36-WebApi.csproj", "{C8EC25F6-8DDE-466B-B7A8-A19B0EDA457F}"
EndProject
Global
	GlobalSection(SolutionConfigurationPlatforms) = preSolution
		Debug|Any CPU = Debug|Any CPU
		Release|Any CPU = Release|Any CPU
	EndGlobalSection
	GlobalSection(ProjectConfigurationPlatforms) = postSolution
		{C8EC25F6-8DDE-466B-B7A8-A19B0EDA457F}.Debug|Any CPU.ActiveCfg = Debug|Any CPU
		{C8EC25F6-8DDE-466B-B7A8-A19B0EDA457F}.Debug|Any CPU.Build.0 = Debug|Any CPU
		{C8EC25F6-8DDE-466B-B7A8-A19B0EDA457F}.Release|Any CPU.ActiveCfg = Release|Any CPU
		{C8EC25F6-8DDE-466B-B7A8-A19B0EDA457F}.Release|Any CPU.Build.0 = Release|Any CPU
	EndGlobalSection
	GlobalSection(SolutionProperties) = preSolution
		HideSolutionNode = FALSE
	EndGlobalSection
	GlobalSection(ExtensibilityGlobals) = postSolution
		SolutionGuid = {0B922065-679F-42A6-84DE-222B17CB8D8A}
	EndGlobalSection
EndGlobal
