
Microsoft Visual Studio Solution File, Format Version 12.00
# Visual Studio Version 17
VisualStudioVersion = 17.0.32014.148
MinimumVisualStudioVersion = 10.0.40219.1
Project("{9A19103F-16F7-4668-BE54-9A1E7A4F7556}") = "FirstWebApp", "FirstWebApp\FirstWebApp.csproj", "{5851057E-1A6C-44FF-875C-82BB823F2282}"
EndProject
Global
	GlobalSection(SolutionConfigurationPlatforms) = preSolution
		Debug|Any CPU = Debug|Any CPU
		Release|Any CPU = Release|Any CPU
	EndGlobalSection
	GlobalSection(ProjectConfigurationPlatforms) = postSolution
		{5851057E-1A6C-44FF-875C-82BB823F2282}.Debug|Any CPU.ActiveCfg = Debug|Any CPU
		{5851057E-1A6C-44FF-875C-82BB823F2282}.Debug|Any CPU.Build.0 = Debug|Any CPU
		{5851057E-1A6C-44FF-875C-82BB823F2282}.Release|Any CPU.ActiveCfg = Release|Any CPU
		{5851057E-1A6C-44FF-875C-82BB823F2282}.Release|Any CPU.Build.0 = Release|Any CPU
	EndGlobalSection
	GlobalSection(SolutionProperties) = preSolution
		HideSolutionNode = FALSE
	EndGlobalSection
	GlobalSection(ExtensibilityGlobals) = postSolution
		SolutionGuid = {40FC4555-B579-42F7-B4D2-F0D0522D4480}
	EndGlobalSection
EndGlobal
