
Microsoft Visual Studio Solution File, Format Version 12.00
# Visual Studio Version 16
VisualStudioVersion = 16.0.31424.327
MinimumVisualStudioVersion = 10.0.40219.1
Project("{9A19103F-16F7-4668-BE54-9A1E7A4F7556}") = "Lesson13", "Lesson13.csproj", "{DD890975-D67F-4987-8BC6-552E354C64D6}"
EndProject
Global
	GlobalSection(SolutionConfigurationPlatforms) = preSolution
		Debug|Any CPU = Debug|Any CPU
		Release|Any CPU = Release|Any CPU
	EndGlobalSection
	GlobalSection(ProjectConfigurationPlatforms) = postSolution
		{DD890975-D67F-4987-8BC6-552E354C64D6}.Debug|Any CPU.ActiveCfg = Debug|Any CPU
		{DD890975-D67F-4987-8BC6-552E354C64D6}.Debug|Any CPU.Build.0 = Debug|Any CPU
		{DD890975-D67F-4987-8BC6-552E354C64D6}.Release|Any CPU.ActiveCfg = Release|Any CPU
		{DD890975-D67F-4987-8BC6-552E354C64D6}.Release|Any CPU.Build.0 = Release|Any CPU
	EndGlobalSection
	GlobalSection(SolutionProperties) = preSolution
		HideSolutionNode = FALSE
	EndGlobalSection
	GlobalSection(ExtensibilityGlobals) = postSolution
		SolutionGuid = {F2C0B0CE-0A1D-42A7-A04A-B61A1776FEB2}
	EndGlobalSection
EndGlobal
