
Microsoft Visual Studio Solution File, Format Version 12.00
# Visual Studio Version 17
VisualStudioVersion = 17.0.32014.148
MinimumVisualStudioVersion = 10.0.40219.1
Project("{9A19103F-16F7-4668-BE54-9A1E7A4F7556}") = "Lesson22", "Lesson22.csproj", "{EA0802D1-003C-4AA1-A566-36E40EC5FD00}"
EndProject
Global
	GlobalSection(SolutionConfigurationPlatforms) = preSolution
		Debug|Any CPU = Debug|Any CPU
		Release|Any CPU = Release|Any CPU
	EndGlobalSection
	GlobalSection(ProjectConfigurationPlatforms) = postSolution
		{EA0802D1-003C-4AA1-A566-36E40EC5FD00}.Debug|Any CPU.ActiveCfg = Debug|Any CPU
		{EA0802D1-003C-4AA1-A566-36E40EC5FD00}.Debug|Any CPU.Build.0 = Debug|Any CPU
		{EA0802D1-003C-4AA1-A566-36E40EC5FD00}.Release|Any CPU.ActiveCfg = Release|Any CPU
		{EA0802D1-003C-4AA1-A566-36E40EC5FD00}.Release|Any CPU.Build.0 = Release|Any CPU
	EndGlobalSection
	GlobalSection(SolutionProperties) = preSolution
		HideSolutionNode = FALSE
	EndGlobalSection
	GlobalSection(ExtensibilityGlobals) = postSolution
		SolutionGuid = {6A20F52E-0557-4BEF-A354-ABCE798D8550}
	EndGlobalSection
EndGlobal
